
Microsoft Visual Studio Solution File, Format Version 12.00
# Visual Studio Version 17
VisualStudioVersion = 17.10.35027.167
MinimumVisualStudioVersion = 10.0.40219.1
Project("{FAE04EC0-301F-11D3-BF4B-00C04F79EFBC}") = "CameraViewOrientationUpperRight", "CameraViewOrientationUpperRight\CameraViewOrientationUpperRight.csproj", "{C3A88966-4168-4A7F-B150-7FCB02AA6B55}"
EndProject
Global
	GlobalSection(SolutionConfigurationPlatforms) = preSolution
		Debug|Any CPU = Debug|Any CPU
		Release|Any CPU = Release|Any CPU
	EndGlobalSection
	GlobalSection(ProjectConfigurationPlatforms) = postSolution
		{C3A88966-4168-4A7F-B150-7FCB02AA6B55}.Debug|Any CPU.ActiveCfg = Debug|Any CPU
		{C3A88966-4168-4A7F-B150-7FCB02AA6B55}.Debug|Any CPU.Build.0 = Debug|Any CPU
		{C3A88966-4168-4A7F-B150-7FCB02AA6B55}.Debug|Any CPU.Deploy.0 = Debug|Any CPU
		{C3A88966-4168-4A7F-B150-7FCB02AA6B55}.Release|Any CPU.ActiveCfg = Release|Any CPU
		{C3A88966-4168-4A7F-B150-7FCB02AA6B55}.Release|Any CPU.Build.0 = Release|Any CPU
		{C3A88966-4168-4A7F-B150-7FCB02AA6B55}.Release|Any CPU.Deploy.0 = Release|Any CPU
	EndGlobalSection
	GlobalSection(SolutionProperties) = preSolution
		HideSolutionNode = FALSE
	EndGlobalSection
	GlobalSection(ExtensibilityGlobals) = postSolution
		SolutionGuid = {D8453BA4-EEDB-4E6E-8E76-3C73F293009B}
	EndGlobalSection
EndGlobal
